
Microsoft Visual Studio Solution File, Format Version 12.00
Project("{FAE04EC0-301F-11D3-BF4B-00C04F79EFBC}") = "ArchiToolkit", "ArchiToolkit\ArchiToolkit.csproj", "{3048597D-9A87-40AB-846C-E85A8EA54E1D}"
EndProject
Project("{FAE04EC0-301F-11D3-BF4B-00C04F79EFBC}") = "ArchiToolkit.Analyzer", "ArchiToolkit.Analyzer\ArchiToolkit.Analyzer.csproj", "{4399D4C0-A647-4F06-9EFD-1BE673769433}"
EndProject
Project("{FAE04EC0-301F-11D3-BF4B-00C04F79EFBC}") = "ArchiToolkit.Test", "ArchiToolkit.Test\ArchiToolkit.Test.csproj", "{A86DEBF7-58B0-433D-BE55-09A160806414}"
EndProject
Global
	GlobalSection(SolutionConfigurationPlatforms) = preSolution
		Debug|Any CPU = Debug|Any CPU
		Release|Any CPU = Release|Any CPU
	EndGlobalSection
	GlobalSection(ProjectConfigurationPlatforms) = postSolution
		{3048597D-9A87-40AB-846C-E85A8EA54E1D}.Debug|Any CPU.ActiveCfg = Debug|Any CPU
		{3048597D-9A87-40AB-846C-E85A8EA54E1D}.Debug|Any CPU.Build.0 = Debug|Any CPU
		{3048597D-9A87-40AB-846C-E85A8EA54E1D}.Release|Any CPU.ActiveCfg = Release|Any CPU
		{3048597D-9A87-40AB-846C-E85A8EA54E1D}.Release|Any CPU.Build.0 = Release|Any CPU
		{4399D4C0-A647-4F06-9EFD-1BE673769433}.Debug|Any CPU.ActiveCfg = Debug|Any CPU
		{4399D4C0-A647-4F06-9EFD-1BE673769433}.Debug|Any CPU.Build.0 = Debug|Any CPU
		{4399D4C0-A647-4F06-9EFD-1BE673769433}.Release|Any CPU.ActiveCfg = Release|Any CPU
		{4399D4C0-A647-4F06-9EFD-1BE673769433}.Release|Any CPU.Build.0 = Release|Any CPU
		{A86DEBF7-58B0-433D-BE55-09A160806414}.Debug|Any CPU.ActiveCfg = Debug|Any CPU
		{A86DEBF7-58B0-433D-BE55-09A160806414}.Debug|Any CPU.Build.0 = Debug|Any CPU
		{A86DEBF7-58B0-433D-BE55-09A160806414}.Release|Any CPU.ActiveCfg = Release|Any CPU
		{A86DEBF7-58B0-433D-BE55-09A160806414}.Release|Any CPU.Build.0 = Release|Any CPU
	EndGlobalSection
EndGlobal
